
Microsoft Visual Studio Solution File, Format Version 12.00
# Visual Studio Version 17
VisualStudioVersion = 17.1.32210.238
MinimumVisualStudioVersion = 10.0.40219.1
Project("{FAE04EC0-301F-11D3-BF4B-00C04F79EFBC}") = "Console1", "Console\Console1.csproj", "{D7184AA0-44AE-489C-A3E5-7756502F5637}"
EndProject
Global
	GlobalSection(SolutionConfigurationPlatforms) = preSolution
		Debug|Any CPU = Debug|Any CPU
		Release|Any CPU = Release|Any CPU
	EndGlobalSection
	GlobalSection(ProjectConfigurationPlatforms) = postSolution
		{D7184AA0-44AE-489C-A3E5-7756502F5637}.Debug|Any CPU.ActiveCfg = Debug|Any CPU
		{D7184AA0-44AE-489C-A3E5-7756502F5637}.Debug|Any CPU.Build.0 = Debug|Any CPU
		{D7184AA0-44AE-489C-A3E5-7756502F5637}.Release|Any CPU.ActiveCfg = Release|Any CPU
		{D7184AA0-44AE-489C-A3E5-7756502F5637}.Release|Any CPU.Build.0 = Release|Any CPU
	EndGlobalSection
	GlobalSection(SolutionProperties) = preSolution
		HideSolutionNode = FALSE
	EndGlobalSection
	GlobalSection(ExtensibilityGlobals) = postSolution
		SolutionGuid = {876C2ECB-B05A-4BAB-AC5A-95A9254F2E0D}
	EndGlobalSection
EndGlobal
